<?xml version="1.0" encoding="utf-8"?>
<Project ToolsVersion="4.0" xmlns="http://schemas.microsoft.com/developer/msbuild/2003">
  <ItemGroup>
    <Filter Include="Archivos de origen">
      <UniqueIdentifier>{4FC737F1-C7A5-4376-A066-2A32D752A2FF}</UniqueIdentifier>
      <Extensions>cpp;c;cc;cxx;def;odl;idl;hpj;bat;asm;asmx</Extensions>
    </Filter>
    <Filter Include="Archivos de encabezado">
      <UniqueIdentifier>{93995380-89BD-4b04-88EB-625FBE52EBFB}</UniqueIdentifier>
      <Extensions>h;hh;hpp;hxx;hm;inl;inc;ipp;xsd</Extensions>
    </Filter>
    <Filter Include="Archivos de recursos">
      <UniqueIdentifier>{67DA6AB6-F800-4c08-8B7A-83BB121AAD01}</UniqueIdentifier>
      <Extensions>rc;ico;cur;bmp;dlg;rc2;rct;bin;rgs;gif;jpg;jpeg;jpe;resx;tiff;tif;png;wav;mfcribbon-ms</Extensions>
    </Filter>
    <Filter Include="Archivos de origen\SDK">
      <UniqueIdentifier>{23a7d8e5-ee09-4dca-b2ab-1ff18dc78b8a}</UniqueIdentifier>
    </Filter>
    <Filter Include="Archivos de origen\Class">
      <UniqueIdentifier>{587f56dd-261d-4d78-b040-7072d6c7d98a}</UniqueIdentifier>
    </Filter>
  </ItemGroup>
  <ItemGroup>
    <ClCompile Include="TutDiscord.cpp">
      <Filter>Archivos de origen</Filter>
    </ClCompile>
    <ClCompile Include="Discord SDK\src\connection_win.cpp">
      <Filter>Archivos de origen\SDK</Filter>
    </ClCompile>
    <ClCompile Include="Discord SDK\src\discord_register_win.cpp">
      <Filter>Archivos de origen\SDK</Filter>
    </ClCompile>
    <ClCompile Include="Discord SDK\src\discord_rpc.cpp">
      <Filter>Archivos de origen\SDK</Filter>
    </ClCompile>
    <ClCompile Include="Discord SDK\src\dllmain.cpp">
      <Filter>Archivos de origen\SDK</Filter>
    </ClCompile>
    <ClCompile Include="Discord SDK\src\rpc_connection.cpp">
      <Filter>Archivos de origen\SDK</Filter>
    </ClCompile>
    <ClCompile Include="Discord SDK\src\serialization.cpp">
      <Filter>Archivos de origen\SDK</Filter>
    </ClCompile>
    <ClCompile Include="Discord.cpp">
      <Filter>Archivos de origen\Class</Filter>
    </ClCompile>
  </ItemGroup>
  <ItemGroup>
    <ClInclude Include="Discord SDK\src\backoff.h">
      <Filter>Archivos de origen\SDK</Filter>
    </ClInclude>
    <ClInclude Include="Discord SDK\src\msg_queue.h">
      <Filter>Archivos de origen\SDK</Filter>
    </ClInclude>
    <ClInclude Include="Discord SDK\src\rpc_connection.h">
      <Filter>Archivos de origen\SDK</Filter>
    </ClInclude>
    <ClInclude Include="Discord SDK\src\serialization.h">
      <Filter>Archivos de origen\SDK</Filter>
    </ClInclude>
    <ClInclude Include="Discord.h">
      <Filter>Archivos de origen\Class</Filter>
    </ClInclude>
  </ItemGroup>
</Project>